
Microsoft Visual Studio Solution File, Format Version 12.00
# Visual Studio Version 16
VisualStudioVersion = 16.0.29613.14
MinimumVisualStudioVersion = 10.0.40219.1
Project("{FAE04EC0-301F-11D3-BF4B-00C04F79EFBC}") = "Formulario", "Formulario\Formulario.csproj", "{0E2DC489-B627-44C7-B11D-5F49DB3E8185}"
EndProject
Global
	GlobalSection(SolutionConfigurationPlatforms) = preSolution
		Debug|Any CPU = Debug|Any CPU
		Release|Any CPU = Release|Any CPU
	EndGlobalSection
	GlobalSection(ProjectConfigurationPlatforms) = postSolution
		{0E2DC489-B627-44C7-B11D-5F49DB3E8185}.Debug|Any CPU.ActiveCfg = Debug|Any CPU
		{0E2DC489-B627-44C7-B11D-5F49DB3E8185}.Debug|Any CPU.Build.0 = Debug|Any CPU
		{0E2DC489-B627-44C7-B11D-5F49DB3E8185}.Release|Any CPU.ActiveCfg = Release|Any CPU
		{0E2DC489-B627-44C7-B11D-5F49DB3E8185}.Release|Any CPU.Build.0 = Release|Any CPU
	EndGlobalSection
	GlobalSection(SolutionProperties) = preSolution
		HideSolutionNode = FALSE
	EndGlobalSection
	GlobalSection(ExtensibilityGlobals) = postSolution
		SolutionGuid = {83B4542C-577C-41DD-A7BE-D51E2B8355B8}
	EndGlobalSection
EndGlobal
